# This file is automatically @generated by Poetry 1.4.2 and should not be changed by hand.

[[package]]
name = "async-timeout"
version = "4.0.2"
description = "Timeout context manager for asyncio programs"
category = "main"
optional = false
python-versions = ">=3.6"
files = [
    {file = "async-timeout-4.0.2.tar.gz", hash = "sha256:2163e1640ddb52b7a8c80d0a67a08587e5d245cc9c553a74a847056bc2976b15"},
    {file = "async_timeout-4.0.2-py3-none-any.whl", hash = "sha256:8ca1e4fcf50d07413d66d1a5e416e42cfdf5851c981d679a09851a6853383b3c"},
]

[[package]]
name = "click"
version = "8.1.3"
description = "Composable command line interface toolkit"
category = "dev"
optional = false
python-versions = ">=3.7"
files = [
    {file = "click-8.1.3-py3-none-any.whl", hash = "sha256:bb4d8133cb15a609f44e8213d9b391b0809795062913b383c62be0ee95b1db48"},
    {file = "click-8.1.3.tar.gz", hash = "sha256:7682dc8afb30297001674575ea00d1814d808d6a36af415a82bd481d37ba7b8e"},
]

[package.dependencies]
colorama = {version = "*", markers = "platform_system == \"Windows\""}

[[package]]
name = "colorama"
version = "0.4.6"
description = "Cross-platform colored terminal text."
category = "dev"
optional = false
python-versions = "!=3.0.*,!=3.1.*,!=3.2.*,!=3.3.*,!=3.4.*,!=3.5.*,!=3.6.*,>=2.7"
files = [
    {file = "colorama-0.4.6-py2.py3-none-any.whl", hash = "sha256:4f1d9991f5acc0ca119f9d443620b77f9d6b33703e51011c16baf57afb285fc6"},
    {file = "colorama-0.4.6.tar.gz", hash = "sha256:08695f5cb7ed6e0531a20572697297273c47b8cae5a63ffc6d6ed5c201be6e44"},
]

[[package]]
name = "humanize"
version = "4.6.0"
description = "Python humanize utilities"
category = "main"
optional = false
python-versions = ">=3.7"
files = [
    {file = "humanize-4.6.0-py3-none-any.whl", hash = "sha256:401201aca462749773f02920139f302450cb548b70489b9b4b92be39fe3c3c50"},
    {file = "humanize-4.6.0.tar.gz", hash = "sha256:5f1f22bc65911eb1a6ffe7659bd6598e33dcfeeb904eb16ee1e705a09bf75916"},
]

[package.extras]
tests = ["freezegun", "pytest", "pytest-cov"]

[[package]]
name = "pip"
version = "23.1"
description = "The PyPA recommended tool for installing Python packages."
category = "dev"
optional = false
python-versions = ">=3.7"
files = [
    {file = "pip-23.1-py3-none-any.whl", hash = "sha256:64b1d4528e491aa835ec6ece0c1ac40ce6ab6d886e60740f6519db44b2e9634d"},
    {file = "pip-23.1.tar.gz", hash = "sha256:408539897ee535dbfb83a153f7bc4d620f990d8bd44a52a986efc0b4d330d34a"},
]

[[package]]
name = "progress"
version = "1.6"
description = "Easy to use progress bars"
category = "main"
optional = false
python-versions = "*"
files = [
    {file = "progress-1.6.tar.gz", hash = "sha256:c9c86e98b5c03fa1fe11e3b67c1feda4788b8d0fe7336c2ff7d5644ccfba34cd"},
]

[[package]]
name = "progress-bar"
version = "8"
description = "An annotated, single-line progress bar for terminals."
category = "main"
optional = false
python-versions = "*"
files = [
    {file = "progress_bar-8.tar.gz", hash = "sha256:befbbcc07fbce96c7b2bed17fffd2203d0269d94ade502b6e003652ba0050efd"},
]

[[package]]
name = "redis"
version = "4.5.4"
description = "Python client for Redis database and key-value store"
category = "main"
optional = false
python-versions = ">=3.7"
files = [
    {file = "redis-4.5.4-py3-none-any.whl", hash = "sha256:2c19e6767c474f2e85167909061d525ed65bea9301c0770bb151e041b7ac89a2"},
    {file = "redis-4.5.4.tar.gz", hash = "sha256:73ec35da4da267d6847e47f68730fdd5f62e2ca69e3ef5885c6a78a9374c3893"},
]

[package.dependencies]
async-timeout = {version = ">=4.0.2", markers = "python_version <= \"3.11.2\""}

[package.extras]
hiredis = ["hiredis (>=1.0.0)"]
ocsp = ["cryptography (>=36.0.1)", "pyopenssl (==20.0.1)", "requests (>=2.26.0)"]

[[package]]
name = "setuptools"
version = "67.6.1"
description = "Easily download, build, install, upgrade, and uninstall Python packages"
category = "dev"
optional = false
python-versions = ">=3.7"
files = [
    {file = "setuptools-67.6.1-py3-none-any.whl", hash = "sha256:e728ca814a823bf7bf60162daf9db95b93d532948c4c0bea762ce62f60189078"},
    {file = "setuptools-67.6.1.tar.gz", hash = "sha256:257de92a9d50a60b8e22abfcbb771571fde0dbf3ec234463212027a4eeecbe9a"},
]

[package.extras]
docs = ["furo", "jaraco.packaging (>=9)", "jaraco.tidelift (>=1.4)", "pygments-github-lexers (==0.0.5)", "rst.linker (>=1.9)", "sphinx (>=3.5)", "sphinx-favicon", "sphinx-hoverxref (<2)", "sphinx-inline-tabs", "sphinx-lint", "sphinx-notfound-page (==0.8.3)", "sphinx-reredirects", "sphinxcontrib-towncrier"]
testing = ["build[virtualenv]", "filelock (>=3.4.0)", "flake8 (<5)", "flake8-2020", "ini2toml[lite] (>=0.9)", "jaraco.envs (>=2.2)", "jaraco.path (>=3.2.0)", "pip (>=19.1)", "pip-run (>=8.8)", "pytest (>=6)", "pytest-black (>=0.3.7)", "pytest-checkdocs (>=2.4)", "pytest-cov", "pytest-enabler (>=1.3)", "pytest-flake8", "pytest-mypy (>=0.9.1)", "pytest-perf", "pytest-timeout", "pytest-xdist", "tomli-w (>=1.0.0)", "virtualenv (>=13.0.0)", "wheel"]
testing-integration = ["build[virtualenv]", "filelock (>=3.4.0)", "jaraco.envs (>=2.2)", "jaraco.path (>=3.2.0)", "pytest", "pytest-enabler", "pytest-xdist", "tomli", "virtualenv (>=13.0.0)", "wheel"]

[[package]]
name = "shiv"
version = "1.0.3"
description = "A command line utility for building fully self contained Python zipapps."
category = "dev"
optional = false
python-versions = ">=3.6"
files = [
    {file = "shiv-1.0.3-py2.py3-none-any.whl", hash = "sha256:f1cda874b593a989635448d1053649130e020be2ff46dcb6760dcb1f16374b9f"},
    {file = "shiv-1.0.3.tar.gz", hash = "sha256:bf146ff3f3abca2eb1214e86018f36124a1c22d93540eef5240321cacd7d7f57"},
]

[package.dependencies]
click = ">=6.7,<7.0 || >7.0"
pip = ">=9.0.3"
setuptools = "*"

[metadata]
lock-version = "2.0"
python-versions = "^3.9"
content-hash = "5774e3aaca1fe85ce8659d2c1e32ef2e5ad7508b36eb9537db449d18b8eee645"
